{
  "name": "veld",
  "lockfileVersion": 3,
  "requires": true,
  "packages": {
    "": {
      "dependencies": {
        "@maayn/veld": "^0.3.8"
      }
    },
    "node_modules/@maayn/veld": {
      "version": "0.3.8",
      "resolved": "https://registry.npmjs.org/@maayn/veld/-/veld-0.3.8.tgz",
      "integrity": "sha512-uzK8AmWAI/xNp7GqIB4q4NbAkt5XZe3jWsyIT4nrE7DfsTJ0yokJKraIoGwSMicJ/6PS7XzPAg4pNjKVz/+bAw==",
      "hasInstallScript": true,
      "license": "MIT",
      "bin": {
        "veld": "bin/veld.js"
      },
      "engines": {
        "node": ">=16"
      }
    }
  }
}
